
Microsoft Visual Studio Solution File, Format Version 12.00
# Visual Studio Version 16
VisualStudioVersion = 16.0.31702.278
MinimumVisualStudioVersion = 10.0.40219.1
Project("{FAE04EC0-301F-11D3-BF4B-00C04F79EFBC}") = "Weather", "Weather\Weather.csproj", "{F367409E-30BC-4646-9C8C-881715BC06D6}"
EndProject
Global
	GlobalSection(SolutionConfigurationPlatforms) = preSolution
		Debug|Any CPU = Debug|Any CPU
		Release|Any CPU = Release|Any CPU
	EndGlobalSection
	GlobalSection(ProjectConfigurationPlatforms) = postSolution
		{F367409E-30BC-4646-9C8C-881715BC06D6}.Debug|Any CPU.ActiveCfg = Debug|Any CPU
		{F367409E-30BC-4646-9C8C-881715BC06D6}.Debug|Any CPU.Build.0 = Debug|Any CPU
		{F367409E-30BC-4646-9C8C-881715BC06D6}.Release|Any CPU.ActiveCfg = Release|Any CPU
		{F367409E-30BC-4646-9C8C-881715BC06D6}.Release|Any CPU.Build.0 = Release|Any CPU
	EndGlobalSection
	GlobalSection(SolutionProperties) = preSolution
		HideSolutionNode = FALSE
	EndGlobalSection
	GlobalSection(ExtensibilityGlobals) = postSolution
		SolutionGuid = {7A7A504A-FF6A-4030-8539-ED2E71B0905A}
	EndGlobalSection
EndGlobal
